[root]
name = "zorb"
version = "0.1.0"
dependencies = [
 "cocoa 0.8.0 (registry+https://github.com/rust-lang/crates.io-index)",
]

[[package]]
name = "bitflags"
version = "0.7.0"
source = "registry+https://github.com/rust-lang/crates.io-index"

[[package]]
name = "block"
version = "0.1.6"
source = "registry+https://github.com/rust-lang/crates.io-index"

[[package]]
name = "cocoa"
version = "0.8.0"
source = "registry+https://github.com/rust-lang/crates.io-index"
dependencies = [
 "bitflags 0.7.0 (registry+https://github.com/rust-lang/crates.io-index)",
 "block 0.1.6 (registry+https://github.com/rust-lang/crates.io-index)",
 "core-graphics 0.7.0 (registry+https://github.com/rust-lang/crates.io-index)",
 "libc 0.2.21 (registry+https://github.com/rust-lang/crates.io-index)",
 "objc 0.2.2 (registry+https://github.com/rust-lang/crates.io-index)",
]

[[package]]
name = "core-foundation"
version = "0.3.0"
source = "registry+https://github.com/rust-lang/crates.io-index"
dependencies = [
 "core-foundation-sys 0.3.1 (registry+https://github.com/rust-lang/crates.io-index)",
 "libc 0.2.21 (registry+https://github.com/rust-lang/crates.io-index)",
]

[[package]]
name = "core-foundation-sys"
version = "0.3.1"
source = "registry+https://github.com/rust-lang/crates.io-index"
dependencies = [
 "libc 0.2.21 (registry+https://github.com/rust-lang/crates.io-index)",
]

[[package]]
name = "core-graphics"
version = "0.7.0"
source = "registry+https://github.com/rust-lang/crates.io-index"
dependencies = [
 "core-foundation 0.3.0 (registry+https://github.com/rust-lang/crates.io-index)",
 "libc 0.2.21 (registry+https://github.com/rust-lang/crates.io-index)",
 "serde 0.9.10 (registry+https://github.com/rust-lang/crates.io-index)",
]

[[package]]
name = "libc"
version = "0.2.21"
source = "registry+https://github.com/rust-lang/crates.io-index"

[[package]]
name = "malloc_buf"
version = "0.0.6"
source = "registry+https://github.com/rust-lang/crates.io-index"
dependencies = [
 "libc 0.2.21 (registry+https://github.com/rust-lang/crates.io-index)",
]

[[package]]
name = "objc"
version = "0.2.2"
source = "registry+https://github.com/rust-lang/crates.io-index"
dependencies = [
 "malloc_buf 0.0.6 (registry+https://github.com/rust-lang/crates.io-index)",
]

[[package]]
name = "serde"
version = "0.9.10"
source = "registry+https://github.com/rust-lang/crates.io-index"

[metadata]
"checksum bitflags 0.7.0 (registry+https://github.com/rust-lang/crates.io-index)" = "aad18937a628ec6abcd26d1489012cc0e18c21798210f491af69ded9b881106d"
"checksum block 0.1.6 (registry+https://github.com/rust-lang/crates.io-index)" = "0d8c1fef690941d3e7788d328517591fecc684c084084702d6ff1641e993699a"
"checksum cocoa 0.8.0 (registry+https://github.com/rust-lang/crates.io-index)" = "d55b620aff4da7d4b9d85f2974cc62a097146623b75e3f36734fe68d8cef493e"
"checksum core-foundation 0.3.0 (registry+https://github.com/rust-lang/crates.io-index)" = "f51ce3b8ebe311c56de14231eb57572c15abebd2d32b3bcb99bcdb9c101f5ac3"
"checksum core-foundation-sys 0.3.1 (registry+https://github.com/rust-lang/crates.io-index)" = "41115a6aa5d3e1e5ef98148373f25971d1fad53818553f216495f9e67e90a624"
"checksum core-graphics 0.7.0 (registry+https://github.com/rust-lang/crates.io-index)" = "ead017dcf77f503dc991f6b52de6084eeea60a94b0a652baa9bf88654a28e83f"
"checksum libc 0.2.21 (registry+https://github.com/rust-lang/crates.io-index)" = "88ee81885f9f04bff991e306fea7c1c60a5f0f9e409e99f6b40e3311a3363135"
"checksum malloc_buf 0.0.6 (registry+https://github.com/rust-lang/crates.io-index)" = "62bb907fe88d54d8d9ce32a3cceab4218ed2f6b7d35617cafe9adf84e43919cb"
"checksum objc 0.2.2 (registry+https://github.com/rust-lang/crates.io-index)" = "877f30f37acef6749b1841cceab289707f211aecfc756553cd63976190e6cc2e"
"checksum serde 0.9.10 (registry+https://github.com/rust-lang/crates.io-index)" = "a78def33a828eb05eb7f0167499f19cca368faf27601f6c43bc70316825d9adf"
