# THIS IS AN AUTOGENERATED FILE. DO NOT EDIT THIS FILE DIRECTLY.
# yarn lockfile v1


"@types/d3-array@*":
  version "1.2.0"
  resolved "https://registry.yarnpkg.com/@types/d3-array/-/d3-array-1.2.0.tgz#9b1fc3202fc1a9f7da0f2873bd38b443137a9d34"

"@types/d3-axis@*":
  version "1.0.8"
  resolved "https://registry.yarnpkg.com/@types/d3-axis/-/d3-axis-1.0.8.tgz#84a769823b8416110171ca3618227610726e71c4"
  dependencies:
    "@types/d3-selection" "*"

"@types/d3-brush@*":
  version "1.0.7"
  resolved "https://registry.yarnpkg.com/@types/d3-brush/-/d3-brush-1.0.7.tgz#05c30440f4d537fd23f976b0e6c4ba223001ef45"
  dependencies:
    "@types/d3-selection" "*"

"@types/d3-chord@*":
  version "1.0.6"
  resolved "https://registry.yarnpkg.com/@types/d3-chord/-/d3-chord-1.0.6.tgz#0589eb97a3191f4edaf17b7bde498462890ce1ec"

"@types/d3-collection@*":
  version "1.0.4"
  resolved "https://registry.yarnpkg.com/@types/d3-collection/-/d3-collection-1.0.4.tgz#19b1eede200ba5bdafb4c8af19afe32c2de7a660"

"@types/d3-color@*":
  version "1.0.4"
  resolved "https://registry.yarnpkg.com/@types/d3-color/-/d3-color-1.0.4.tgz#f0e1b64162fea2f932007fb966c26cc8aff3a47d"

"@types/d3-dispatch@*":
  version "1.0.4"
  resolved "https://registry.yarnpkg.com/@types/d3-dispatch/-/d3-dispatch-1.0.4.tgz#91b8de6198053efc46788ad5f27182bcc42335b5"

"@types/d3-drag@*":
  version "1.1.0"
  resolved "https://registry.yarnpkg.com/@types/d3-drag/-/d3-drag-1.1.0.tgz#9105e35ca58aa0c4783f3ce83082bcb24ccb6960"
  dependencies:
    "@types/d3-selection" "*"

"@types/d3-dsv@*":
  version "1.0.30"
  resolved "https://registry.yarnpkg.com/@types/d3-dsv/-/d3-dsv-1.0.30.tgz#78e0dddde4283566f463e51551a97a63c170d5a8"

"@types/d3-ease@*":
  version "1.0.7"
  resolved "https://registry.yarnpkg.com/@types/d3-ease/-/d3-ease-1.0.7.tgz#93a301868be9e15061f3d44343b1ab3f8acb6f09"

"@types/d3-force@*":
  version "1.0.7"
  resolved "https://registry.yarnpkg.com/@types/d3-force/-/d3-force-1.0.7.tgz#8e3c533697143ebb70275d56840206e8ba789185"

"@types/d3-format@*":
  version "1.2.0"
  resolved "https://registry.yarnpkg.com/@types/d3-format/-/d3-format-1.2.0.tgz#3e128efc9e6dd09df8fd21f1d981ab68e140a8a2"

"@types/d3-geo@*":
  version "1.6.3"
  resolved "https://registry.yarnpkg.com/@types/d3-geo/-/d3-geo-1.6.3.tgz#21b501d1fe224d88877f39f84cb8c9dd8aa1bf28"
  dependencies:
    "@types/geojson" "*"

"@types/d3-hierarchy@*":
  version "1.1.0"
  resolved "https://registry.yarnpkg.com/@types/d3-hierarchy/-/d3-hierarchy-1.1.0.tgz#50f1ee052840638035cbdd4acab1fc3470905907"

"@types/d3-interpolate@*":
  version "1.1.5"
  resolved "https://registry.yarnpkg.com/@types/d3-interpolate/-/d3-interpolate-1.1.5.tgz#956485bb0f75c07b49b33f7b44a35cfa9f7f4f46"
  dependencies:
    "@types/d3-color" "*"

"@types/d3-path@*":
  version "1.0.5"
  resolved "https://registry.yarnpkg.com/@types/d3-path/-/d3-path-1.0.5.tgz#84e54043410048a188c03100592c2b9e417664f7"

"@types/d3-polygon@*":
  version "1.0.4"
  resolved "https://registry.yarnpkg.com/@types/d3-polygon/-/d3-polygon-1.0.4.tgz#44aa10bf081c8e87642827feb6285e8280c3eee4"

"@types/d3-quadtree@*":
  version "1.0.4"
  resolved "https://registry.yarnpkg.com/@types/d3-quadtree/-/d3-quadtree-1.0.4.tgz#fb164e00a82f3105b810afad757804664742c049"

"@types/d3-queue@*":
  version "3.0.4"
  resolved "https://registry.yarnpkg.com/@types/d3-queue/-/d3-queue-3.0.4.tgz#a86b6d55e307d363aedd5153d8f1117793df6710"

"@types/d3-random@*":
  version "1.1.0"
  resolved "https://registry.yarnpkg.com/@types/d3-random/-/d3-random-1.1.0.tgz#2dd08f1159c70719270e4a7c834af85c8b88d2c3"

"@types/d3-request@*":
  version "1.0.1"
  resolved "https://registry.yarnpkg.com/@types/d3-request/-/d3-request-1.0.1.tgz#b3e8b79c97618b396814ee8931a318efe9a51c64"
  dependencies:
    "@types/d3-dsv" "*"

"@types/d3-scale@*":
  version "1.0.8"
  resolved "https://registry.yarnpkg.com/@types/d3-scale/-/d3-scale-1.0.8.tgz#8347cbf6973e834c9eb4654f7215b7c4601df18b"
  dependencies:
    "@types/d3-time" "*"

"@types/d3-selection@*":
  version "1.0.15"
  resolved "https://registry.yarnpkg.com/@types/d3-selection/-/d3-selection-1.0.15.tgz#2cd305e72f1ebe3eebc9a9263bd3e34cc0321456"

"@types/d3-shape@*":
  version "1.0.10"
  resolved "https://registry.yarnpkg.com/@types/d3-shape/-/d3-shape-1.0.10.tgz#c487e26159d539e57caab82bcd49a6a483abc946"
  dependencies:
    "@types/d3-path" "*"

"@types/d3-time-format@*":
  version "2.0.4"
  resolved "https://registry.yarnpkg.com/@types/d3-time-format/-/d3-time-format-2.0.4.tgz#3f4749652f347bce4b1c405053b0cfc5154cf537"

"@types/d3-time@*":
  version "1.0.5"
  resolved "https://registry.yarnpkg.com/@types/d3-time/-/d3-time-1.0.5.tgz#c86f1f43dc2b22d3c6c75cd1734effeda74213e5"

"@types/d3-timer@*":
  version "1.0.5"
  resolved "https://registry.yarnpkg.com/@types/d3-timer/-/d3-timer-1.0.5.tgz#aad31e6aa185a6440f544d9167ef3194667d7f1e"

"@types/d3-transition@*":
  version "1.0.8"
  resolved "https://registry.yarnpkg.com/@types/d3-transition/-/d3-transition-1.0.8.tgz#56de7b0aed94c3637a66fc352673bff53063974f"
  dependencies:
    "@types/d3-selection" "*"

"@types/d3-voronoi@*":
  version "1.1.5"
  resolved "https://registry.yarnpkg.com/@types/d3-voronoi/-/d3-voronoi-1.1.5.tgz#67d03acb2d56006bb202c20cee1b8d5ad9fe0461"

"@types/d3-zoom@*":
  version "1.2.0"
  resolved "https://registry.yarnpkg.com/@types/d3-zoom/-/d3-zoom-1.2.0.tgz#ccfab87d95fafa7f471f112c1cb097902b5068b5"
  dependencies:
    "@types/d3-interpolate" "*"
    "@types/d3-selection" "*"

"@types/d3@^4.8.0":
  version "4.8.0"
  resolved "https://registry.yarnpkg.com/@types/d3/-/d3-4.8.0.tgz#bcda7636d23839202eaf487c9a791cbdaab5320a"
  dependencies:
    "@types/d3-array" "*"
    "@types/d3-axis" "*"
    "@types/d3-brush" "*"
    "@types/d3-chord" "*"
    "@types/d3-collection" "*"
    "@types/d3-color" "*"
    "@types/d3-dispatch" "*"
    "@types/d3-drag" "*"
    "@types/d3-dsv" "*"
    "@types/d3-ease" "*"
    "@types/d3-force" "*"
    "@types/d3-format" "*"
    "@types/d3-geo" "*"
    "@types/d3-hierarchy" "*"
    "@types/d3-interpolate" "*"
    "@types/d3-path" "*"
    "@types/d3-polygon" "*"
    "@types/d3-quadtree" "*"
    "@types/d3-queue" "*"
    "@types/d3-random" "*"
    "@types/d3-request" "*"
    "@types/d3-scale" "*"
    "@types/d3-selection" "*"
    "@types/d3-shape" "*"
    "@types/d3-time" "*"
    "@types/d3-time-format" "*"
    "@types/d3-timer" "*"
    "@types/d3-transition" "*"
    "@types/d3-voronoi" "*"
    "@types/d3-zoom" "*"

"@types/geojson@*":
  version "1.0.2"
  resolved "https://registry.yarnpkg.com/@types/geojson/-/geojson-1.0.2.tgz#b02d10ab028e2928ac592a051aaa4981a1941d03"

acorn@^1.0.3:
  version "1.2.2"
  resolved "https://registry.yarnpkg.com/acorn/-/acorn-1.2.2.tgz#c8ce27de0acc76d896d2b1fad3df588d9e82f014"

amdefine@>=0.0.4:
  version "1.0.1"
  resolved "https://registry.yarnpkg.com/amdefine/-/amdefine-1.0.1.tgz#4a5282ac164729e93619bcfd3ad151f817ce91f5"

brfs@^1.3.0:
  version "1.4.3"
  resolved "https://registry.yarnpkg.com/brfs/-/brfs-1.4.3.tgz#db675d6f5e923e6df087fca5859c9090aaed3216"
  dependencies:
    quote-stream "^1.0.1"
    resolve "^1.1.5"
    static-module "^1.1.0"
    through2 "^2.0.0"

buffer-equal@0.0.1:
  version "0.0.1"
  resolved "https://registry.yarnpkg.com/buffer-equal/-/buffer-equal-0.0.1.tgz#91bc74b11ea405bc916bc6aa908faafa5b4aac4b"

buffer-shims@~1.0.0:
  version "1.0.0"
  resolved "https://registry.yarnpkg.com/buffer-shims/-/buffer-shims-1.0.0.tgz#9978ce317388c649ad8793028c3477ef044a8b51"

commander@2:
  version "2.9.0"
  resolved "https://registry.yarnpkg.com/commander/-/commander-2.9.0.tgz#9c99094176e12240cb22d6c5146098400fe0f7d4"
  dependencies:
    graceful-readlink ">= 1.0.0"

concat-stream@~1.6.0:
  version "1.6.0"
  resolved "https://registry.yarnpkg.com/concat-stream/-/concat-stream-1.6.0.tgz#0aac662fd52be78964d5532f694784e70110acf7"
  dependencies:
    inherits "^2.0.3"
    readable-stream "^2.2.2"
    typedarray "^0.0.6"

core-util-is@~1.0.0:
  version "1.0.2"
  resolved "https://registry.yarnpkg.com/core-util-is/-/core-util-is-1.0.2.tgz#b5fd54220aa2bc5ab57aab7140c940754503c1a7"

d3-array@1, d3-array@1.2.0, d3-array@^1.2.0:
  version "1.2.0"
  resolved "https://registry.yarnpkg.com/d3-array/-/d3-array-1.2.0.tgz#147d269720e174c4057a7f42be8b0f3f2ba53108"

d3-axis@1.0.7:
  version "1.0.7"
  resolved "https://registry.yarnpkg.com/d3-axis/-/d3-axis-1.0.7.tgz#048433d307061f62d1d248e2930c01d7b6738cd8"

d3-brush@1.0.4:
  version "1.0.4"
  resolved "https://registry.yarnpkg.com/d3-brush/-/d3-brush-1.0.4.tgz#00c2f238019f24f6c0a194a26d41a1530ffe7bc4"
  dependencies:
    d3-dispatch "1"
    d3-drag "1"
    d3-interpolate "1"
    d3-selection "1"
    d3-transition "1"

d3-chord@1.0.4:
  version "1.0.4"
  resolved "https://registry.yarnpkg.com/d3-chord/-/d3-chord-1.0.4.tgz#7dec4f0ba886f713fe111c45f763414f6f74ca2c"
  dependencies:
    d3-array "1"
    d3-path "1"

d3-collection@1, d3-collection@1.0.3:
  version "1.0.3"
  resolved "https://registry.yarnpkg.com/d3-collection/-/d3-collection-1.0.3.tgz#00bdea94fbc1628d435abbae2f4dc2164e37dd34"

d3-color@1, d3-color@1.0.3:
  version "1.0.3"
  resolved "https://registry.yarnpkg.com/d3-color/-/d3-color-1.0.3.tgz#bc7643fca8e53a8347e2fbdaffa236796b58509b"

d3-dispatch@1, d3-dispatch@1.0.3:
  version "1.0.3"
  resolved "https://registry.yarnpkg.com/d3-dispatch/-/d3-dispatch-1.0.3.tgz#46e1491eaa9b58c358fce5be4e8bed626e7871f8"

d3-drag@1, d3-drag@1.1.0:
  version "1.1.0"
  resolved "https://registry.yarnpkg.com/d3-drag/-/d3-drag-1.1.0.tgz#4a49b4d77a42e9e3d5a0ef3b492b14aaa2e5a733"
  dependencies:
    d3-dispatch "1"
    d3-selection "1"

d3-dsv@1, d3-dsv@1.0.5:
  version "1.0.5"
  resolved "https://registry.yarnpkg.com/d3-dsv/-/d3-dsv-1.0.5.tgz#419f7db47f628789fc3fdb636e678449d0821136"
  dependencies:
    commander "2"
    iconv-lite "0.4"
    rw "1"

d3-ease@1, d3-ease@1.0.3:
  version "1.0.3"
  resolved "https://registry.yarnpkg.com/d3-ease/-/d3-ease-1.0.3.tgz#68bfbc349338a380c44d8acc4fbc3304aa2d8c0e"

d3-force@1.0.6:
  version "1.0.6"
  resolved "https://registry.yarnpkg.com/d3-force/-/d3-force-1.0.6.tgz#ea7e1b7730e2664cd314f594d6718c57cc132b79"
  dependencies:
    d3-collection "1"
    d3-dispatch "1"
    d3-quadtree "1"
    d3-timer "1"

d3-format@1, d3-format@1.2.0:
  version "1.2.0"
  resolved "https://registry.yarnpkg.com/d3-format/-/d3-format-1.2.0.tgz#6b480baa886885d4651dc248a8f4ac9da16db07a"

d3-geo-projection@0.2:
  version "0.2.16"
  resolved "https://registry.yarnpkg.com/d3-geo-projection/-/d3-geo-projection-0.2.16.tgz#4994ecd1033ddb1533b6c4c5528a1c81dcc29427"
  dependencies:
    brfs "^1.3.0"

d3-geo@1.6.3:
  version "1.6.3"
  resolved "https://registry.yarnpkg.com/d3-geo/-/d3-geo-1.6.3.tgz#21683a43a061eaba21a7f254b51d5937eb640756"
  dependencies:
    d3-array "1"

d3-hierarchy@1.1.4:
  version "1.1.4"
  resolved "https://registry.yarnpkg.com/d3-hierarchy/-/d3-hierarchy-1.1.4.tgz#96c3942f3f21cf997a11b4edf00dde2a77b4c6d0"

d3-interpolate@1, d3-interpolate@1.1.5:
  version "1.1.5"
  resolved "https://registry.yarnpkg.com/d3-interpolate/-/d3-interpolate-1.1.5.tgz#69e099ff39214716e563c9aec3ea9d1ea4b8a79f"
  dependencies:
    d3-color "1"

d3-path@1, d3-path@1.0.5:
  version "1.0.5"
  resolved "https://registry.yarnpkg.com/d3-path/-/d3-path-1.0.5.tgz#241eb1849bd9e9e8021c0d0a799f8a0e8e441764"

d3-polygon@1.0.3:
  version "1.0.3"
  resolved "https://registry.yarnpkg.com/d3-polygon/-/d3-polygon-1.0.3.tgz#16888e9026460933f2b179652ad378224d382c62"

d3-quadtree@1, d3-quadtree@1.0.3:
  version "1.0.3"
  resolved "https://registry.yarnpkg.com/d3-quadtree/-/d3-quadtree-1.0.3.tgz#ac7987e3e23fe805a990f28e1b50d38fcb822438"

d3-queue@1:
  version "1.2.3"
  resolved "https://registry.yarnpkg.com/d3-queue/-/d3-queue-1.2.3.tgz#143a701cfa65fe021292f321c10d14e98abd491b"

d3-queue@2:
  version "2.0.3"
  resolved "https://registry.yarnpkg.com/d3-queue/-/d3-queue-2.0.3.tgz#07fbda3acae5358a9c5299aaf880adf0953ed2c2"

d3-queue@3.0.7:
  version "3.0.7"
  resolved "https://registry.yarnpkg.com/d3-queue/-/d3-queue-3.0.7.tgz#c93a2e54b417c0959129d7d73f6cf7d4292e7618"

d3-random@1.1.0:
  version "1.1.0"
  resolved "https://registry.yarnpkg.com/d3-random/-/d3-random-1.1.0.tgz#6642e506c6fa3a648595d2b2469788a8d12529d3"

d3-request@1.0.5:
  version "1.0.5"
  resolved "https://registry.yarnpkg.com/d3-request/-/d3-request-1.0.5.tgz#4daae946d1dd0d57dfe01f022956354958d51f23"
  dependencies:
    d3-collection "1"
    d3-dispatch "1"
    d3-dsv "1"
    xmlhttprequest "1"

d3-scale@1.0.6:
  version "1.0.6"
  resolved "https://registry.yarnpkg.com/d3-scale/-/d3-scale-1.0.6.tgz#bce19da80d3a0cf422c9543ae3322086220b34ed"
  dependencies:
    d3-array "^1.2.0"
    d3-collection "1"
    d3-color "1"
    d3-format "1"
    d3-interpolate "1"
    d3-time "1"
    d3-time-format "2"

d3-selection@1, d3-selection@1.1.0, d3-selection@^1.1.0:
  version "1.1.0"
  resolved "https://registry.yarnpkg.com/d3-selection/-/d3-selection-1.1.0.tgz#1998684896488f839ca0372123da34f1d318809c"

d3-shape@1.1.0:
  version "1.1.0"
  resolved "https://registry.yarnpkg.com/d3-shape/-/d3-shape-1.1.0.tgz#cdedfee735801e4058b5b31f9a1192b631564f6d"
  dependencies:
    d3-path "1"

d3-time-format@2, d3-time-format@2.0.5:
  version "2.0.5"
  resolved "https://registry.yarnpkg.com/d3-time-format/-/d3-time-format-2.0.5.tgz#9d7780204f7c9119c9170b1a56db4de9a8af972e"
  dependencies:
    d3-time "1"

d3-time@1, d3-time@1.0.6:
  version "1.0.6"
  resolved "https://registry.yarnpkg.com/d3-time/-/d3-time-1.0.6.tgz#a55b13d7d15d3a160ae91708232e0835f1d5e945"

d3-timer@1, d3-timer@1.0.5:
  version "1.0.5"
  resolved "https://registry.yarnpkg.com/d3-timer/-/d3-timer-1.0.5.tgz#b266d476c71b0d269e7ac5f352b410a3b6fe6ef0"

d3-transition@1, d3-transition@1.1.0:
  version "1.1.0"
  resolved "https://registry.yarnpkg.com/d3-transition/-/d3-transition-1.1.0.tgz#cfc85c74e5239324290546623572990560c3966f"
  dependencies:
    d3-color "1"
    d3-dispatch "1"
    d3-ease "1"
    d3-interpolate "1"
    d3-selection "^1.1.0"
    d3-timer "1"

d3-voronoi@1.1.2:
  version "1.1.2"
  resolved "https://registry.yarnpkg.com/d3-voronoi/-/d3-voronoi-1.1.2.tgz#1687667e8f13a2d158c80c1480c5a29cb0d8973c"

d3-zoom@1.2.0:
  version "1.2.0"
  resolved "https://registry.yarnpkg.com/d3-zoom/-/d3-zoom-1.2.0.tgz#b3231f4f9386241475defe1c557bfd3fde1065fb"
  dependencies:
    d3-dispatch "1"
    d3-drag "1"
    d3-interpolate "1"
    d3-selection "1"
    d3-transition "1"

d3@3, d3@^3.5.6:
  version "3.5.17"
  resolved "https://registry.yarnpkg.com/d3/-/d3-3.5.17.tgz#bc46748004378b21a360c9fc7cf5231790762fb8"

d3@^4.9.0:
  version "4.9.0"
  resolved "https://registry.yarnpkg.com/d3/-/d3-4.9.0.tgz#1cf031e29fe440f09b167484014dd7437adf7087"
  dependencies:
    d3-array "1.2.0"
    d3-axis "1.0.7"
    d3-brush "1.0.4"
    d3-chord "1.0.4"
    d3-collection "1.0.3"
    d3-color "1.0.3"
    d3-dispatch "1.0.3"
    d3-drag "1.1.0"
    d3-dsv "1.0.5"
    d3-ease "1.0.3"
    d3-force "1.0.6"
    d3-format "1.2.0"
    d3-geo "1.6.3"
    d3-hierarchy "1.1.4"
    d3-interpolate "1.1.5"
    d3-path "1.0.5"
    d3-polygon "1.0.3"
    d3-quadtree "1.0.3"
    d3-queue "3.0.7"
    d3-random "1.1.0"
    d3-request "1.0.5"
    d3-scale "1.0.6"
    d3-selection "1.1.0"
    d3-shape "1.1.0"
    d3-time "1.0.6"
    d3-time-format "2.0.5"
    d3-timer "1.0.5"
    d3-transition "1.1.0"
    d3-voronoi "1.1.2"
    d3-zoom "1.2.0"

datamaps@^0.5.8:
  version "0.5.8"
  resolved "https://registry.yarnpkg.com/datamaps/-/datamaps-0.5.8.tgz#d3ab9e86759529bffb98e82b4a43b5267f49d183"
  dependencies:
    d3 "^3.5.6"
    topojson "^1.6.19"

duplexer2@~0.0.2:
  version "0.0.2"
  resolved "https://registry.yarnpkg.com/duplexer2/-/duplexer2-0.0.2.tgz#c614dcf67e2fb14995a91711e5a617e8a60a31db"
  dependencies:
    readable-stream "~1.1.9"

escodegen@~0.0.24:
  version "0.0.28"
  resolved "https://registry.yarnpkg.com/escodegen/-/escodegen-0.0.28.tgz#0e4ff1715f328775d6cab51ac44a406cd7abffd3"
  dependencies:
    esprima "~1.0.2"
    estraverse "~1.3.0"
  optionalDependencies:
    source-map ">= 0.1.2"

escodegen@~1.3.2:
  version "1.3.3"
  resolved "https://registry.yarnpkg.com/escodegen/-/escodegen-1.3.3.tgz#f024016f5a88e046fd12005055e939802e6c5f23"
  dependencies:
    esprima "~1.1.1"
    estraverse "~1.5.0"
    esutils "~1.0.0"
  optionalDependencies:
    source-map "~0.1.33"

esprima@~1.0.2:
  version "1.0.4"
  resolved "https://registry.yarnpkg.com/esprima/-/esprima-1.0.4.tgz#9f557e08fc3b4d26ece9dd34f8fbf476b62585ad"

esprima@~1.1.1:
  version "1.1.1"
  resolved "https://registry.yarnpkg.com/esprima/-/esprima-1.1.1.tgz#5b6f1547f4d102e670e140c509be6771d6aeb549"

estraverse@~1.3.0:
  version "1.3.2"
  resolved "https://registry.yarnpkg.com/estraverse/-/estraverse-1.3.2.tgz#37c2b893ef13d723f276d878d60d8535152a6c42"

estraverse@~1.5.0:
  version "1.5.1"
  resolved "https://registry.yarnpkg.com/estraverse/-/estraverse-1.5.1.tgz#867a3e8e58a9f84618afb6c2ddbcd916b7cbaf71"

esutils@~1.0.0:
  version "1.0.0"
  resolved "https://registry.yarnpkg.com/esutils/-/esutils-1.0.0.tgz#8151d358e20c8acc7fb745e7472c0025fe496570"

falafel@^1.0.0:
  version "1.2.0"
  resolved "https://registry.yarnpkg.com/falafel/-/falafel-1.2.0.tgz#c18d24ef5091174a497f318cd24b026a25cddab4"
  dependencies:
    acorn "^1.0.3"
    foreach "^2.0.5"
    isarray "0.0.1"
    object-keys "^1.0.6"

foreach@^2.0.5:
  version "2.0.5"
  resolved "https://registry.yarnpkg.com/foreach/-/foreach-2.0.5.tgz#0bee005018aeb260d0a3af3ae658dd0136ec1b99"

function-bind@^1.0.2:
  version "1.1.0"
  resolved "https://registry.yarnpkg.com/function-bind/-/function-bind-1.1.0.tgz#16176714c801798e4e8f2cf7f7529467bb4a5771"

"graceful-readlink@>= 1.0.0":
  version "1.0.1"
  resolved "https://registry.yarnpkg.com/graceful-readlink/-/graceful-readlink-1.0.1.tgz#4cafad76bc62f02fa039b2f94e9a3dd3a391a725"

has@^1.0.0:
  version "1.0.1"
  resolved "https://registry.yarnpkg.com/has/-/has-1.0.1.tgz#8461733f538b0837c9361e39a9ab9e9704dc2f28"
  dependencies:
    function-bind "^1.0.2"

iconv-lite@0.2:
  version "0.2.11"
  resolved "https://registry.yarnpkg.com/iconv-lite/-/iconv-lite-0.2.11.tgz#1ce60a3a57864a292d1321ff4609ca4bb965adc8"

iconv-lite@0.4:
  version "0.4.17"
  resolved "https://registry.yarnpkg.com/iconv-lite/-/iconv-lite-0.4.17.tgz#4fdaa3b38acbc2c031b045d0edcdfe1ecab18c8d"

inherits@^2.0.3, inherits@~2.0.1:
  version "2.0.3"
  resolved "https://registry.yarnpkg.com/inherits/-/inherits-2.0.3.tgz#633c2c83e3da42a502f52466022480f4208261de"

isarray@0.0.1:
  version "0.0.1"
  resolved "https://registry.yarnpkg.com/isarray/-/isarray-0.0.1.tgz#8a18acfca9a8f4177e09abfc6038939b05d1eedf"

isarray@~1.0.0:
  version "1.0.0"
  resolved "https://registry.yarnpkg.com/isarray/-/isarray-1.0.0.tgz#bb935d48582cba168c06834957a54a3e07124f11"

minimist@0.0.8:
  version "0.0.8"
  resolved "https://registry.yarnpkg.com/minimist/-/minimist-0.0.8.tgz#857fcabfc3397d2625b8228262e86aa7a011b05d"

minimist@^1.1.3:
  version "1.2.0"
  resolved "https://registry.yarnpkg.com/minimist/-/minimist-1.2.0.tgz#a35008b20f41383eec1fb914f4cd5df79a264284"

object-inspect@~0.4.0:
  version "0.4.0"
  resolved "https://registry.yarnpkg.com/object-inspect/-/object-inspect-0.4.0.tgz#f5157c116c1455b243b06ee97703392c5ad89fec"

object-keys@^1.0.6:
  version "1.0.11"
  resolved "https://registry.yarnpkg.com/object-keys/-/object-keys-1.0.11.tgz#c54601778ad560f1142ce0e01bcca8b56d13426d"

object-keys@~0.4.0:
  version "0.4.0"
  resolved "https://registry.yarnpkg.com/object-keys/-/object-keys-0.4.0.tgz#28a6aae7428dd2c3a92f3d95f21335dd204e0336"

optimist@0.3:
  version "0.3.7"
  resolved "https://registry.yarnpkg.com/optimist/-/optimist-0.3.7.tgz#c90941ad59e4273328923074d2cf2e7cbc6ec0d9"
  dependencies:
    wordwrap "~0.0.2"

path-parse@^1.0.5:
  version "1.0.5"
  resolved "https://registry.yarnpkg.com/path-parse/-/path-parse-1.0.5.tgz#3c1adf871ea9cd6c9431b6ea2bd74a0ff055c4c1"

process-nextick-args@~1.0.6:
  version "1.0.7"
  resolved "https://registry.yarnpkg.com/process-nextick-args/-/process-nextick-args-1.0.7.tgz#150e20b756590ad3f91093f25a4f2ad8bff30ba3"

quote-stream@^1.0.1:
  version "1.0.2"
  resolved "https://registry.yarnpkg.com/quote-stream/-/quote-stream-1.0.2.tgz#84963f8c9c26b942e153feeb53aae74652b7e0b2"
  dependencies:
    buffer-equal "0.0.1"
    minimist "^1.1.3"
    through2 "^2.0.0"

quote-stream@~0.0.0:
  version "0.0.0"
  resolved "https://registry.yarnpkg.com/quote-stream/-/quote-stream-0.0.0.tgz#cde29e94c409b16e19dc7098b89b6658f9721d3b"
  dependencies:
    minimist "0.0.8"
    through2 "~0.4.1"

readable-stream@^2.1.5, readable-stream@^2.2.2:
  version "2.2.9"
  resolved "https://registry.yarnpkg.com/readable-stream/-/readable-stream-2.2.9.tgz#cf78ec6f4a6d1eb43d26488cac97f042e74b7fc8"
  dependencies:
    buffer-shims "~1.0.0"
    core-util-is "~1.0.0"
    inherits "~2.0.1"
    isarray "~1.0.0"
    process-nextick-args "~1.0.6"
    string_decoder "~1.0.0"
    util-deprecate "~1.0.1"

readable-stream@~1.0.17, readable-stream@~1.0.27-1:
  version "1.0.34"
  resolved "https://registry.yarnpkg.com/readable-stream/-/readable-stream-1.0.34.tgz#125820e34bc842d2f2aaafafe4c2916ee32c157c"
  dependencies:
    core-util-is "~1.0.0"
    inherits "~2.0.1"
    isarray "0.0.1"
    string_decoder "~0.10.x"

readable-stream@~1.1.9:
  version "1.1.14"
  resolved "https://registry.yarnpkg.com/readable-stream/-/readable-stream-1.1.14.tgz#7cf4c54ef648e3813084c636dd2079e166c081d9"
  dependencies:
    core-util-is "~1.0.0"
    inherits "~2.0.1"
    isarray "0.0.1"
    string_decoder "~0.10.x"

resolve@^1.1.5:
  version "1.3.3"
  resolved "https://registry.yarnpkg.com/resolve/-/resolve-1.3.3.tgz#655907c3469a8680dc2de3a275a8fdd69691f0e5"
  dependencies:
    path-parse "^1.0.5"

rw@1:
  version "1.3.3"
  resolved "https://registry.yarnpkg.com/rw/-/rw-1.3.3.tgz#3f862dfa91ab766b14885ef4d01124bfda074fb4"

shallow-copy@~0.0.1:
  version "0.0.1"
  resolved "https://registry.yarnpkg.com/shallow-copy/-/shallow-copy-0.0.1.tgz#415f42702d73d810330292cc5ee86eae1a11a170"

shapefile@0.3:
  version "0.3.1"
  resolved "https://registry.yarnpkg.com/shapefile/-/shapefile-0.3.1.tgz#9bb9a429bd6086a0cfb03962d14cfdf420ffba12"
  dependencies:
    d3-queue "1"
    iconv-lite "0.2"
    optimist "0.3"

"source-map@>= 0.1.2", source-map@~0.1.33:
  version "0.1.43"
  resolved "https://registry.yarnpkg.com/source-map/-/source-map-0.1.43.tgz#c24bc146ca517c1471f5dacbe2571b2b7f9e3346"
  dependencies:
    amdefine ">=0.0.4"

static-eval@~0.2.0:
  version "0.2.4"
  resolved "https://registry.yarnpkg.com/static-eval/-/static-eval-0.2.4.tgz#b7d34d838937b969f9641ca07d48f8ede263ea7b"
  dependencies:
    escodegen "~0.0.24"

static-module@^1.1.0:
  version "1.3.2"
  resolved "https://registry.yarnpkg.com/static-module/-/static-module-1.3.2.tgz#329fb9f223a566266bda71843b7d932c767174f3"
  dependencies:
    concat-stream "~1.6.0"
    duplexer2 "~0.0.2"
    escodegen "~1.3.2"
    falafel "^1.0.0"
    has "^1.0.0"
    object-inspect "~0.4.0"
    quote-stream "~0.0.0"
    readable-stream "~1.0.27-1"
    shallow-copy "~0.0.1"
    static-eval "~0.2.0"
    through2 "~0.4.1"

string_decoder@~0.10.x:
  version "0.10.31"
  resolved "https://registry.yarnpkg.com/string_decoder/-/string_decoder-0.10.31.tgz#62e203bc41766c6c28c9fc84301dab1c5310fa94"

string_decoder@~1.0.0:
  version "1.0.0"
  resolved "https://registry.yarnpkg.com/string_decoder/-/string_decoder-1.0.0.tgz#f06f41157b664d86069f84bdbdc9b0d8ab281667"
  dependencies:
    buffer-shims "~1.0.0"

through2@^2.0.0:
  version "2.0.3"
  resolved "https://registry.yarnpkg.com/through2/-/through2-2.0.3.tgz#0004569b37c7c74ba39c43f3ced78d1ad94140be"
  dependencies:
    readable-stream "^2.1.5"
    xtend "~4.0.1"

through2@~0.4.1:
  version "0.4.2"
  resolved "https://registry.yarnpkg.com/through2/-/through2-0.4.2.tgz#dbf5866031151ec8352bb6c4db64a2292a840b9b"
  dependencies:
    readable-stream "~1.0.17"
    xtend "~2.1.1"

topojson@^1.6.19:
  version "1.6.27"
  resolved "https://registry.yarnpkg.com/topojson/-/topojson-1.6.27.tgz#adbe33a67e2f1673d338df12644ad20fc20b42ed"
  dependencies:
    d3 "3"
    d3-geo-projection "0.2"
    d3-queue "2"
    optimist "0.3"
    rw "1"
    shapefile "0.3"

typedarray@^0.0.6:
  version "0.0.6"
  resolved "https://registry.yarnpkg.com/typedarray/-/typedarray-0.0.6.tgz#867ac74e3864187b1d3d47d996a78ec5c8830777"

util-deprecate@~1.0.1:
  version "1.0.2"
  resolved "https://registry.yarnpkg.com/util-deprecate/-/util-deprecate-1.0.2.tgz#450d4dc9fa70de732762fbd2d4a28981419a0ccf"

wordwrap@~0.0.2:
  version "0.0.3"
  resolved "https://registry.yarnpkg.com/wordwrap/-/wordwrap-0.0.3.tgz#a3d5da6cd5c0bc0008d37234bbaf1bed63059107"

xmlhttprequest@1:
  version "1.8.0"
  resolved "https://registry.yarnpkg.com/xmlhttprequest/-/xmlhttprequest-1.8.0.tgz#67fe075c5c24fef39f9d65f5f7b7fe75171968fc"

xtend@~2.1.1:
  version "2.1.2"
  resolved "https://registry.yarnpkg.com/xtend/-/xtend-2.1.2.tgz#6efecc2a4dad8e6962c4901b337ce7ba87b5d28b"
  dependencies:
    object-keys "~0.4.0"

xtend@~4.0.1:
  version "4.0.1"
  resolved "https://registry.yarnpkg.com/xtend/-/xtend-4.0.1.tgz#a5c6d532be656e23db820efb943a1f04998d63af"
